
Microsoft Visual Studio Solution File, Format Version 12.00
# Visual Studio Version 17
VisualStudioVersion = 17.9.34902.65
MinimumVisualStudioVersion = 10.0.40219.1
Project("{FAE04EC0-301F-11D3-BF4B-00C04F79EFBC}") = "DataLabelCustomization", "DataLabelCustomization.csproj", "{15AF7DC1-411B-4850-B152-0D4B046A4C58}"
EndProject
Global
	GlobalSection(SolutionConfigurationPlatforms) = preSolution
		Debug|Any CPU = Debug|Any CPU
		Release|Any CPU = Release|Any CPU
	EndGlobalSection
	GlobalSection(ProjectConfigurationPlatforms) = postSolution
		{15AF7DC1-411B-4850-B152-0D4B046A4C58}.Debug|Any CPU.ActiveCfg = Debug|Any CPU
		{15AF7DC1-411B-4850-B152-0D4B046A4C58}.Debug|Any CPU.Build.0 = Debug|Any CPU
		{15AF7DC1-411B-4850-B152-0D4B046A4C58}.Debug|Any CPU.Deploy.0 = Debug|Any CPU
		{15AF7DC1-411B-4850-B152-0D4B046A4C58}.Release|Any CPU.ActiveCfg = Release|Any CPU
		{15AF7DC1-411B-4850-B152-0D4B046A4C58}.Release|Any CPU.Build.0 = Release|Any CPU
		{15AF7DC1-411B-4850-B152-0D4B046A4C58}.Release|Any CPU.Deploy.0 = Release|Any CPU
	EndGlobalSection
	GlobalSection(SolutionProperties) = preSolution
		HideSolutionNode = FALSE
	EndGlobalSection
	GlobalSection(ExtensibilityGlobals) = postSolution
		SolutionGuid = {64ABD75E-9C91-4AEB-8086-7737C9E060E2}
	EndGlobalSection
EndGlobal
